
Microsoft Visual Studio Solution File, Format Version 12.00
# Visual Studio 14
VisualStudioVersion = 14.0.23107.0
MinimumVisualStudioVersion = 10.0.40219.1
Project("{2150E333-8FDC-42A3-9474-1A3956D46DE8}") = "Engine", "Engine", "{D1F23CB0-1C3B-494E-8753-96F3D48F3C98}"
EndProject
Project("{2150E333-8FDC-42A3-9474-1A3956D46DE8}") = "Games", "Games", "{56905C19-3B54-40FE-B58A-76EA142C8151}"
EndProject
Project("{8BC9CEB8-8B4A-11D0-8D11-00A0C91BC942}") = "UE4", "Intermediate\ProjectFiles\UE4.vcxproj", "{98DAD898-0A99-46A4-A6BF-9EF708C1AB9D}"
EndProject
Project("{8BC9CEB8-8B4A-11D0-8D11-00A0C91BC942}") = "DllTestProject", "Intermediate\ProjectFiles\DllTestProject.vcxproj", "{EAD88724-F8CB-4206-9F53-C9B67792206A}"
EndProject
Global
	GlobalSection(SolutionConfigurationPlatforms) = preSolution
		DebugGame Editor|Win32 = DebugGame Editor|Win32
		DebugGame Editor|Win64 = DebugGame Editor|Win64
		DebugGame|Win32 = DebugGame|Win32
		DebugGame|Win64 = DebugGame|Win64
		Development Editor|Win32 = Development Editor|Win32
		Development Editor|Win64 = Development Editor|Win64
		Development|Win32 = Development|Win32
		Development|Win64 = Development|Win64
		Shipping|Win32 = Shipping|Win32
		Shipping|Win64 = Shipping|Win64
	EndGlobalSection
	GlobalSection(ProjectConfigurationPlatforms) = postSolution
		{98DAD898-0A99-46A4-A6BF-9EF708C1AB9D}.DebugGame Editor|Win32.ActiveCfg = BuiltWithUnrealBuildTool|Win32
		{98DAD898-0A99-46A4-A6BF-9EF708C1AB9D}.DebugGame Editor|Win32.Build.0 = BuiltWithUnrealBuildTool|Win32
		{98DAD898-0A99-46A4-A6BF-9EF708C1AB9D}.DebugGame Editor|Win64.ActiveCfg = BuiltWithUnrealBuildTool|Win32
		{98DAD898-0A99-46A4-A6BF-9EF708C1AB9D}.DebugGame Editor|Win64.Build.0 = BuiltWithUnrealBuildTool|Win32
		{98DAD898-0A99-46A4-A6BF-9EF708C1AB9D}.DebugGame|Win32.ActiveCfg = BuiltWithUnrealBuildTool|Win32
		{98DAD898-0A99-46A4-A6BF-9EF708C1AB9D}.DebugGame|Win32.Build.0 = BuiltWithUnrealBuildTool|Win32
		{98DAD898-0A99-46A4-A6BF-9EF708C1AB9D}.DebugGame|Win64.ActiveCfg = BuiltWithUnrealBuildTool|Win32
		{98DAD898-0A99-46A4-A6BF-9EF708C1AB9D}.DebugGame|Win64.Build.0 = BuiltWithUnrealBuildTool|Win32
		{98DAD898-0A99-46A4-A6BF-9EF708C1AB9D}.Development Editor|Win32.ActiveCfg = BuiltWithUnrealBuildTool|Win32
		{98DAD898-0A99-46A4-A6BF-9EF708C1AB9D}.Development Editor|Win32.Build.0 = BuiltWithUnrealBuildTool|Win32
		{98DAD898-0A99-46A4-A6BF-9EF708C1AB9D}.Development Editor|Win64.ActiveCfg = BuiltWithUnrealBuildTool|Win32
		{98DAD898-0A99-46A4-A6BF-9EF708C1AB9D}.Development Editor|Win64.Build.0 = BuiltWithUnrealBuildTool|Win32
		{98DAD898-0A99-46A4-A6BF-9EF708C1AB9D}.Development|Win32.ActiveCfg = BuiltWithUnrealBuildTool|Win32
		{98DAD898-0A99-46A4-A6BF-9EF708C1AB9D}.Development|Win32.Build.0 = BuiltWithUnrealBuildTool|Win32
		{98DAD898-0A99-46A4-A6BF-9EF708C1AB9D}.Development|Win64.ActiveCfg = BuiltWithUnrealBuildTool|Win32
		{98DAD898-0A99-46A4-A6BF-9EF708C1AB9D}.Development|Win64.Build.0 = BuiltWithUnrealBuildTool|Win32
		{98DAD898-0A99-46A4-A6BF-9EF708C1AB9D}.Shipping|Win32.ActiveCfg = BuiltWithUnrealBuildTool|Win32
		{98DAD898-0A99-46A4-A6BF-9EF708C1AB9D}.Shipping|Win32.Build.0 = BuiltWithUnrealBuildTool|Win32
		{98DAD898-0A99-46A4-A6BF-9EF708C1AB9D}.Shipping|Win64.ActiveCfg = BuiltWithUnrealBuildTool|Win32
		{98DAD898-0A99-46A4-A6BF-9EF708C1AB9D}.Shipping|Win64.Build.0 = BuiltWithUnrealBuildTool|Win32
		{EAD88724-F8CB-4206-9F53-C9B67792206A}.DebugGame Editor|Win32.ActiveCfg = DebugGame_Editor|Win32
		{EAD88724-F8CB-4206-9F53-C9B67792206A}.DebugGame Editor|Win64.ActiveCfg = DebugGame_Editor|x64
		{EAD88724-F8CB-4206-9F53-C9B67792206A}.DebugGame Editor|Win64.Build.0 = DebugGame_Editor|x64
		{EAD88724-F8CB-4206-9F53-C9B67792206A}.DebugGame|Win32.ActiveCfg = DebugGame_Game|Win32
		{EAD88724-F8CB-4206-9F53-C9B67792206A}.DebugGame|Win32.Build.0 = DebugGame_Game|Win32
		{EAD88724-F8CB-4206-9F53-C9B67792206A}.DebugGame|Win64.ActiveCfg = DebugGame_Game|x64
		{EAD88724-F8CB-4206-9F53-C9B67792206A}.DebugGame|Win64.Build.0 = DebugGame_Game|x64
		{EAD88724-F8CB-4206-9F53-C9B67792206A}.Development Editor|Win32.ActiveCfg = Development_Editor|Win32
		{EAD88724-F8CB-4206-9F53-C9B67792206A}.Development Editor|Win64.ActiveCfg = Development_Editor|x64
		{EAD88724-F8CB-4206-9F53-C9B67792206A}.Development Editor|Win64.Build.0 = Development_Editor|x64
		{EAD88724-F8CB-4206-9F53-C9B67792206A}.Development|Win32.ActiveCfg = Development_Game|Win32
		{EAD88724-F8CB-4206-9F53-C9B67792206A}.Development|Win32.Build.0 = Development_Game|Win32
		{EAD88724-F8CB-4206-9F53-C9B67792206A}.Development|Win64.ActiveCfg = Development_Game|x64
		{EAD88724-F8CB-4206-9F53-C9B67792206A}.Development|Win64.Build.0 = Development_Game|x64
		{EAD88724-F8CB-4206-9F53-C9B67792206A}.Shipping|Win32.ActiveCfg = Shipping_Game|Win32
		{EAD88724-F8CB-4206-9F53-C9B67792206A}.Shipping|Win32.Build.0 = Shipping_Game|Win32
		{EAD88724-F8CB-4206-9F53-C9B67792206A}.Shipping|Win64.ActiveCfg = Shipping_Game|x64
		{EAD88724-F8CB-4206-9F53-C9B67792206A}.Shipping|Win64.Build.0 = Shipping_Game|x64
	EndGlobalSection
	GlobalSection(SolutionProperties) = preSolution
		HideSolutionNode = FALSE
	EndGlobalSection
	GlobalSection(NestedProjects) = preSolution
		{98DAD898-0A99-46A4-A6BF-9EF708C1AB9D} = {D1F23CB0-1C3B-494E-8753-96F3D48F3C98}
		{EAD88724-F8CB-4206-9F53-C9B67792206A} = {56905C19-3B54-40FE-B58A-76EA142C8151}
	EndGlobalSection
EndGlobal
